
Microsoft Visual Studio Solution File, Format Version 12.00
# Visual Studio 15
VisualStudioVersion = 15.0.26730.8
MinimumVisualStudioVersion = 10.0.40219.1
Project("{FAE04EC0-301F-11D3-BF4B-00C04F79EFBC}") = "dataBaseExample", "dataBaseExample\dataBaseExample.csproj", "{7EAEA6FE-C34A-48C0-9D9E-1471124ECF77}"
EndProject
Global
	GlobalSection(SolutionConfigurationPlatforms) = preSolution
		Debug|Any CPU = Debug|Any CPU
		Release|Any CPU = Release|Any CPU
	EndGlobalSection
	GlobalSection(ProjectConfigurationPlatforms) = postSolution
		{7EAEA6FE-C34A-48C0-9D9E-1471124ECF77}.Debug|Any CPU.ActiveCfg = Debug|Any CPU
		{7EAEA6FE-C34A-48C0-9D9E-1471124ECF77}.Debug|Any CPU.Build.0 = Debug|Any CPU
		{7EAEA6FE-C34A-48C0-9D9E-1471124ECF77}.Release|Any CPU.ActiveCfg = Release|Any CPU
		{7EAEA6FE-C34A-48C0-9D9E-1471124ECF77}.Release|Any CPU.Build.0 = Release|Any CPU
	EndGlobalSection
	GlobalSection(SolutionProperties) = preSolution
		HideSolutionNode = FALSE
	EndGlobalSection
	GlobalSection(ExtensibilityGlobals) = postSolution
		SolutionGuid = {FF8480F0-543F-4B63-BF96-AFBA08D76D45}
	EndGlobalSection
EndGlobal
